
Microsoft Visual Studio Solution File, Format Version 12.00
# Visual Studio 15
VisualStudioVersion = 15.0.28307.539
MinimumVisualStudioVersion = 10.0.40219.1
Project("{FAE04EC0-301F-11D3-BF4B-00C04F79EFBC}") = "TreasureMap.Application", "TreasureMap\TreasureMap.Application.csproj", "{09DF3C6A-C246-4979-AF02-75D55BA44DF1}"
EndProject
Project("{FAE04EC0-301F-11D3-BF4B-00C04F79EFBC}") = "TreasureMap.DAL", "TreasureMap.DAL\TreasureMap.DAL.csproj", "{BA9E8A88-E6D1-414D-AD24-7A7B86117FCB}"
EndProject
Project("{FAE04EC0-301F-11D3-BF4B-00C04F79EFBC}") = "TreasureMap.Business", "TreasureMap.Business\TreasureMap.Business.csproj", "{81617478-573E-4B45-A3EB-E07DA56EF8B2}"
EndProject
Global
	GlobalSection(SolutionConfigurationPlatforms) = preSolution
		Debug|Any CPU = Debug|Any CPU
		Release|Any CPU = Release|Any CPU
	EndGlobalSection
	GlobalSection(ProjectConfigurationPlatforms) = postSolution
		{09DF3C6A-C246-4979-AF02-75D55BA44DF1}.Debug|Any CPU.ActiveCfg = Debug|Any CPU
		{09DF3C6A-C246-4979-AF02-75D55BA44DF1}.Debug|Any CPU.Build.0 = Debug|Any CPU
		{09DF3C6A-C246-4979-AF02-75D55BA44DF1}.Release|Any CPU.ActiveCfg = Release|Any CPU
		{09DF3C6A-C246-4979-AF02-75D55BA44DF1}.Release|Any CPU.Build.0 = Release|Any CPU
		{BA9E8A88-E6D1-414D-AD24-7A7B86117FCB}.Debug|Any CPU.ActiveCfg = Debug|Any CPU
		{BA9E8A88-E6D1-414D-AD24-7A7B86117FCB}.Debug|Any CPU.Build.0 = Debug|Any CPU
		{BA9E8A88-E6D1-414D-AD24-7A7B86117FCB}.Release|Any CPU.ActiveCfg = Release|Any CPU
		{BA9E8A88-E6D1-414D-AD24-7A7B86117FCB}.Release|Any CPU.Build.0 = Release|Any CPU
		{81617478-573E-4B45-A3EB-E07DA56EF8B2}.Debug|Any CPU.ActiveCfg = Debug|Any CPU
		{81617478-573E-4B45-A3EB-E07DA56EF8B2}.Debug|Any CPU.Build.0 = Debug|Any CPU
		{81617478-573E-4B45-A3EB-E07DA56EF8B2}.Release|Any CPU.ActiveCfg = Release|Any CPU
		{81617478-573E-4B45-A3EB-E07DA56EF8B2}.Release|Any CPU.Build.0 = Release|Any CPU
	EndGlobalSection
	GlobalSection(SolutionProperties) = preSolution
		HideSolutionNode = FALSE
	EndGlobalSection
	GlobalSection(ExtensibilityGlobals) = postSolution
		SolutionGuid = {34F02490-5BE5-4081-9DEE-0A4FA64E5C26}
	EndGlobalSection
EndGlobal
